// !$*UTF8*$!
{
	archiveVersion = 1;
	classes = {
	};
	objectVersion = 50;
	objects = {

/* Begin PBXBuildFile section */
		14A9AB147393E9407027E008 /* Pods_PasswordKeeper.framework in Frameworks */ = {isa = PBXBuildFile; fileRef = F7724EAF457CBFE869751FC7 /* Pods_PasswordKeeper.framework */; };
		BF5950942275F7AA00B7C06D /* HomeTabBarViewController.swift in Sources */ = {isa = PBXBuildFile; fileRef = BF5950932275F7AA00B7C06D /* HomeTabBarViewController.swift */; };
		BF5950962275F7CB00B7C06D /* AppDelegateController.swift in Sources */ = {isa = PBXBuildFile; fileRef = BF5950952275F7CB00B7C06D /* AppDelegateController.swift */; };
		BF5950982275F7FD00B7C06D /* SettingViewController.swift in Sources */ = {isa = PBXBuildFile; fileRef = BF5950972275F7FD00B7C06D /* SettingViewController.swift */; };
		BF59509A2275F81200B7C06D /* PasswordViewController.swift in Sources */ = {isa = PBXBuildFile; fileRef = BF5950992275F81200B7C06D /* PasswordViewController.swift */; };
		BF5950A02275F98000B7C06D /* FZlog.swift in Sources */ = {isa = PBXBuildFile; fileRef = BF59509F2275F98000B7C06D /* FZlog.swift */; };
		BF5950A22275FB1200B7C06D /* FZNavigationController.swift in Sources */ = {isa = PBXBuildFile; fileRef = BF5950A12275FB1200B7C06D /* FZNavigationController.swift */; };
		BF5950AF2275FB5A00B7C06D /* UIColor+Extension.swift in Sources */ = {isa = PBXBuildFile; fileRef = BF5950A42275FB5A00B7C06D /* UIColor+Extension.swift */; };
		BF5950B02275FB5A00B7C06D /* Data+hex.swift in Sources */ = {isa = PBXBuildFile; fileRef = BF5950A52275FB5A00B7C06D /* Data+hex.swift */; };
		BF5950B12275FB5A00B7C06D /* Date+Extension.swift in Sources */ = {isa = PBXBuildFile; fileRef = BF5950A62275FB5A00B7C06D /* Date+Extension.swift */; };
		BF5950B22275FB5A00B7C06D /* UITextFiled+Extenstion.swift in Sources */ = {isa = PBXBuildFile; fileRef = BF5950A72275FB5A00B7C06D /* UITextFiled+Extenstion.swift */; };
		BF5950B32275FB5A00B7C06D /* UIImage+Extension.swift in Sources */ = {isa = PBXBuildFile; fileRef = BF5950A82275FB5A00B7C06D /* UIImage+Extension.swift */; };
		BF5950B42275FB5A00B7C06D /* JSONObject+ToString.swift in Sources */ = {isa = PBXBuildFile; fileRef = BF5950A92275FB5A00B7C06D /* JSONObject+ToString.swift */; };
		BF5950B52275FB5A00B7C06D /* String+Extension.swift in Sources */ = {isa = PBXBuildFile; fileRef = BF5950AA2275FB5A00B7C06D /* String+Extension.swift */; };
		BF5950B62275FB5A00B7C06D /* Bundle+Language.swift in Sources */ = {isa = PBXBuildFile; fileRef = BF5950AB2275FB5A00B7C06D /* Bundle+Language.swift */; };
		BF5950BF2275FC6300B7C06D /* FZColor.swift in Sources */ = {isa = PBXBuildFile; fileRef = BF5950BC2275FC6300B7C06D /* FZColor.swift */; };
		BF5950C02275FC6300B7C06D /* Constant.swift in Sources */ = {isa = PBXBuildFile; fileRef = BF5950BD2275FC6300B7C06D /* Constant.swift */; };
		BF5950C12275FC6300B7C06D /* FZUserDefaults.swift in Sources */ = {isa = PBXBuildFile; fileRef = BF5950BE2275FC6300B7C06D /* FZUserDefaults.swift */; };
		BF5950C52275FFE000B7C06D /* Localizable.strings in Resources */ = {isa = PBXBuildFile; fileRef = BF5950C72275FFE000B7C06D /* Localizable.strings */; };
		BF6B48D2227455390074AB15 /* AppDelegate.swift in Sources */ = {isa = PBXBuildFile; fileRef = BF6B48D1227455390074AB15 /* AppDelegate.swift */; };
		BF6B48D7227455390074AB15 /* Main.storyboard in Resources */ = {isa = PBXBuildFile; fileRef = BF6B48D5227455390074AB15 /* Main.storyboard */; };
		BF6B48D92274553A0074AB15 /* Assets.xcassets in Resources */ = {isa = PBXBuildFile; fileRef = BF6B48D82274553A0074AB15 /* Assets.xcassets */; };
		BF6B48DC2274553A0074AB15 /* LaunchScreen.storyboard in Resources */ = {isa = PBXBuildFile; fileRef = BF6B48DA2274553A0074AB15 /* LaunchScreen.storyboard */; };
		BF6B48E72274553A0074AB15 /* PasswordKeeperTests.swift in Sources */ = {isa = PBXBuildFile; fileRef = BF6B48E62274553A0074AB15 /* PasswordKeeperTests.swift */; };
		BF6B48F22274553A0074AB15 /* PasswordKeeperUITests.swift in Sources */ = {isa = PBXBuildFile; fileRef = BF6B48F12274553A0074AB15 /* PasswordKeeperUITests.swift */; };
/* End PBXBuildFile section */

/* Begin PBXContainerItemProxy section */
		BF6B48E32274553A0074AB15 /* PBXContainerItemProxy */ = {
			isa = PBXContainerItemProxy;
			containerPortal = BF6B48C6227455390074AB15 /* Project object */;
			proxyType = 1;
			remoteGlobalIDString = BF6B48CD227455390074AB15;
			remoteInfo = PasswordKeeper;
		};
		BF6B48EE2274553A0074AB15 /* PBXContainerItemProxy */ = {
			isa = PBXContainerItemProxy;
			containerPortal = BF6B48C6227455390074AB15 /* Project object */;
			proxyType = 1;
			remoteGlobalIDString = BF6B48CD227455390074AB15;
			remoteInfo = PasswordKeeper;
		};
/* End PBXContainerItemProxy section */

/* Begin PBXFileReference section */
		B776EE1523A8DD75C259F78F /* Pods-PasswordKeeper.release.xcconfig */ = {isa = PBXFileReference; includeInIndex = 1; lastKnownFileType = text.xcconfig; name = "Pods-PasswordKeeper.release.xcconfig"; path = "Target Support Files/Pods-PasswordKeeper/Pods-PasswordKeeper.release.xcconfig"; sourceTree = "<group>"; };
		BF5950932275F7AA00B7C06D /* HomeTabBarViewController.swift */ = {isa = PBXFileReference; lastKnownFileType = sourcecode.swift; path = HomeTabBarViewController.swift; sourceTree = "<group>"; };
		BF5950952275F7CB00B7C06D /* AppDelegateController.swift */ = {isa = PBXFileReference; lastKnownFileType = sourcecode.swift; path = AppDelegateController.swift; sourceTree = "<group>"; };
		BF5950972275F7FD00B7C06D /* SettingViewController.swift */ = {isa = PBXFileReference; lastKnownFileType = sourcecode.swift; path = SettingViewController.swift; sourceTree = "<group>"; };
		BF5950992275F81200B7C06D /* PasswordViewController.swift */ = {isa = PBXFileReference; lastKnownFileType = sourcecode.swift; path = PasswordViewController.swift; sourceTree = "<group>"; };
		BF59509F2275F98000B7C06D /* FZlog.swift */ = {isa = PBXFileReference; fileEncoding = 4; lastKnownFileType = sourcecode.swift; path = FZlog.swift; sourceTree = "<group>"; };
		BF5950A12275FB1200B7C06D /* FZNavigationController.swift */ = {isa = PBXFileReference; lastKnownFileType = sourcecode.swift; path = FZNavigationController.swift; sourceTree = "<group>"; };
		BF5950A42275FB5A00B7C06D /* UIColor+Extension.swift */ = {isa = PBXFileReference; fileEncoding = 4; lastKnownFileType = sourcecode.swift; path = "UIColor+Extension.swift"; sourceTree = "<group>"; };
		BF5950A52275FB5A00B7C06D /* Data+hex.swift */ = {isa = PBXFileReference; fileEncoding = 4; lastKnownFileType = sourcecode.swift; path = "Data+hex.swift"; sourceTree = "<group>"; };
		BF5950A62275FB5A00B7C06D /* Date+Extension.swift */ = {isa = PBXFileReference; fileEncoding = 4; lastKnownFileType = sourcecode.swift; path = "Date+Extension.swift"; sourceTree = "<group>"; };
		BF5950A72275FB5A00B7C06D /* UITextFiled+Extenstion.swift */ = {isa = PBXFileReference; fileEncoding = 4; lastKnownFileType = sourcecode.swift; path = "UITextFiled+Extenstion.swift"; sourceTree = "<group>"; };
		BF5950A82275FB5A00B7C06D /* UIImage+Extension.swift */ = {isa = PBXFileReference; fileEncoding = 4; lastKnownFileType = sourcecode.swift; path = "UIImage+Extension.swift"; sourceTree = "<group>"; };
		BF5950A92275FB5A00B7C06D /* JSONObject+ToString.swift */ = {isa = PBXFileReference; fileEncoding = 4; lastKnownFileType = sourcecode.swift; path = "JSONObject+ToString.swift"; sourceTree = "<group>"; };
		BF5950AA2275FB5A00B7C06D /* String+Extension.swift */ = {isa = PBXFileReference; fileEncoding = 4; lastKnownFileType = sourcecode.swift; path = "String+Extension.swift"; sourceTree = "<group>"; };
		BF5950AB2275FB5A00B7C06D /* Bundle+Language.swift */ = {isa = PBXFileReference; fileEncoding = 4; lastKnownFileType = sourcecode.swift; path = "Bundle+Language.swift"; sourceTree = "<group>"; };
		BF5950BC2275FC6300B7C06D /* FZColor.swift */ = {isa = PBXFileReference; fileEncoding = 4; lastKnownFileType = sourcecode.swift; path = FZColor.swift; sourceTree = "<group>"; };
		BF5950BD2275FC6300B7C06D /* Constant.swift */ = {isa = PBXFileReference; fileEncoding = 4; lastKnownFileType = sourcecode.swift; path = Constant.swift; sourceTree = "<group>"; };
		BF5950BE2275FC6300B7C06D /* FZUserDefaults.swift */ = {isa = PBXFileReference; fileEncoding = 4; lastKnownFileType = sourcecode.swift; path = FZUserDefaults.swift; sourceTree = "<group>"; };
		BF5950C62275FFE000B7C06D /* en */ = {isa = PBXFileReference; lastKnownFileType = text.plist.strings; name = en; path = en.lproj/Localizable.strings; sourceTree = "<group>"; };
		BF5950C8227600F500B7C06D /* zh-Hans */ = {isa = PBXFileReference; lastKnownFileType = text.plist.strings; name = "zh-Hans"; path = "zh-Hans.lproj/Main.strings"; sourceTree = "<group>"; };
		BF5950C9227600F600B7C06D /* zh-Hans */ = {isa = PBXFileReference; lastKnownFileType = text.plist.strings; name = "zh-Hans"; path = "zh-Hans.lproj/LaunchScreen.strings"; sourceTree = "<group>"; };
		BF5950CA227600F600B7C06D /* zh-Hans */ = {isa = PBXFileReference; lastKnownFileType = text.plist.strings; name = "zh-Hans"; path = "zh-Hans.lproj/Localizable.strings"; sourceTree = "<group>"; };
		BF6B48CE227455390074AB15 /* PasswordKeeper.app */ = {isa = PBXFileReference; explicitFileType = wrapper.application; includeInIndex = 0; path = PasswordKeeper.app; sourceTree = BUILT_PRODUCTS_DIR; };
		BF6B48D1227455390074AB15 /* AppDelegate.swift */ = {isa = PBXFileReference; lastKnownFileType = sourcecode.swift; path = AppDelegate.swift; sourceTree = "<group>"; };
		BF6B48D6227455390074AB15 /* Base */ = {isa = PBXFileReference; lastKnownFileType = file.storyboard; name = Base; path = Base.lproj/Main.storyboard; sourceTree = "<group>"; };
		BF6B48D82274553A0074AB15 /* Assets.xcassets */ = {isa = PBXFileReference; lastKnownFileType = folder.assetcatalog; path = Assets.xcassets; sourceTree = "<group>"; };
		BF6B48DB2274553A0074AB15 /* Base */ = {isa = PBXFileReference; lastKnownFileType = file.storyboard; name = Base; path = Base.lproj/LaunchScreen.storyboard; sourceTree = "<group>"; };
		BF6B48DD2274553A0074AB15 /* Info.plist */ = {isa = PBXFileReference; lastKnownFileType = text.plist.xml; path = Info.plist; sourceTree = "<group>"; };
		BF6B48E22274553A0074AB15 /* PasswordKeeperTests.xctest */ = {isa = PBXFileReference; explicitFileType = wrapper.cfbundle; includeInIndex = 0; path = PasswordKeeperTests.xctest; sourceTree = BUILT_PRODUCTS_DIR; };
		BF6B48E62274553A0074AB15 /* PasswordKeeperTests.swift */ = {isa = PBXFileReference; lastKnownFileType = sourcecode.swift; path = PasswordKeeperTests.swift; sourceTree = "<group>"; };
		BF6B48E82274553A0074AB15 /* Info.plist */ = {isa = PBXFileReference; lastKnownFileType = text.plist.xml; path = Info.plist; sourceTree = "<group>"; };
		BF6B48ED2274553A0074AB15 /* PasswordKeeperUITests.xctest */ = {isa = PBXFileReference; explicitFileType = wrapper.cfbundle; includeInIndex = 0; path = PasswordKeeperUITests.xctest; sourceTree = BUILT_PRODUCTS_DIR; };
		BF6B48F12274553A0074AB15 /* PasswordKeeperUITests.swift */ = {isa = PBXFileReference; lastKnownFileType = sourcecode.swift; path = PasswordKeeperUITests.swift; sourceTree = "<group>"; };
		BF6B48F32274553A0074AB15 /* Info.plist */ = {isa = PBXFileReference; lastKnownFileType = text.plist.xml; path = Info.plist; sourceTree = "<group>"; };
		F7724EAF457CBFE869751FC7 /* Pods_PasswordKeeper.framework */ = {isa = PBXFileReference; explicitFileType = wrapper.framework; includeInIndex = 0; path = Pods_PasswordKeeper.framework; sourceTree = BUILT_PRODUCTS_DIR; };
		FFB73C8EB17EAE8D660B10BA /* Pods-PasswordKeeper.debug.xcconfig */ = {isa = PBXFileReference; includeInIndex = 1; lastKnownFileType = text.xcconfig; name = "Pods-PasswordKeeper.debug.xcconfig"; path = "Target Support Files/Pods-PasswordKeeper/Pods-PasswordKeeper.debug.xcconfig"; sourceTree = "<group>"; };
/* End PBXFileReference section */

/* Begin PBXFrameworksBuildPhase section */
		BF6B48CB227455390074AB15 /* Frameworks */ = {
			isa = PBXFrameworksBuildPhase;
			buildActionMask = 2147483647;
			files = (
				14A9AB147393E9407027E008 /* Pods_PasswordKeeper.framework in Frameworks */,
			);
			runOnlyForDeploymentPostprocessing = 0;
		};
		BF6B48DF2274553A0074AB15 /* Frameworks */ = {
			isa = PBXFrameworksBuildPhase;
			buildActionMask = 2147483647;
			files = (
			);
			runOnlyForDeploymentPostprocessing = 0;
		};
		BF6B48EA2274553A0074AB15 /* Frameworks */ = {
			isa = PBXFrameworksBuildPhase;
			buildActionMask = 2147483647;
			files = (
			);
			runOnlyForDeploymentPostprocessing = 0;
		};
/* End PBXFrameworksBuildPhase section */

/* Begin PBXGroup section */
		553AD504772F285843551890 /* Pods */ = {
			isa = PBXGroup;
			children = (
				FFB73C8EB17EAE8D660B10BA /* Pods-PasswordKeeper.debug.xcconfig */,
				B776EE1523A8DD75C259F78F /* Pods-PasswordKeeper.release.xcconfig */,
			);
			path = Pods;
			sourceTree = "<group>";
		};
		5DC937466E32E9E82A78E71C /* Frameworks */ = {
			isa = PBXGroup;
			children = (
				F7724EAF457CBFE869751FC7 /* Pods_PasswordKeeper.framework */,
			);
			name = Frameworks;
			sourceTree = "<group>";
		};
		BF59508E2275F5E000B7C06D /* AppDelegate */ = {
			isa = PBXGroup;
			children = (
				BF6B48D1227455390074AB15 /* AppDelegate.swift */,
				BF5950952275F7CB00B7C06D /* AppDelegateController.swift */,
			);
			path = AppDelegate;
			sourceTree = "<group>";
		};
		BF59508F2275F5FA00B7C06D /* Main */ = {
			isa = PBXGroup;
			children = (
				BF5950922275F71800B7C06D /* Setting */,
				BF5950912275F6F000B7C06D /* Password */,
			);
			path = Main;
			sourceTree = "<group>";
		};
		BF5950902275F6C700B7C06D /* Utils */ = {
			isa = PBXGroup;
			children = (
				BF5950A32275FB5A00B7C06D /* Extension */,
			);
			path = Utils;
			sourceTree = "<group>";
		};
		BF5950912275F6F000B7C06D /* Password */ = {
			isa = PBXGroup;
			children = (
				BF5950932275F7AA00B7C06D /* HomeTabBarViewController.swift */,
				BF5950992275F81200B7C06D /* PasswordViewController.swift */,
				BF5950A12275FB1200B7C06D /* FZNavigationController.swift */,
			);
			path = Password;
			sourceTree = "<group>";
		};
		BF5950922275F71800B7C06D /* Setting */ = {
			isa = PBXGroup;
			children = (
				BF5950972275F7FD00B7C06D /* SettingViewController.swift */,
			);
			path = Setting;
			sourceTree = "<group>";
		};
		BF59509B2275F90900B7C06D /* Module */ = {
			isa = PBXGroup;
			children = (
				BF59509E2275F98000B7C06D /* Log */,
			);
			path = Module;
			sourceTree = "<group>";
		};
		BF59509E2275F98000B7C06D /* Log */ = {
			isa = PBXGroup;
			children = (
				BF59509F2275F98000B7C06D /* FZlog.swift */,
			);
			path = Log;
			sourceTree = "<group>";
		};
		BF5950A32275FB5A00B7C06D /* Extension */ = {
			isa = PBXGroup;
			children = (
				BF5950A42275FB5A00B7C06D /* UIColor+Extension.swift */,
				BF5950A52275FB5A00B7C06D /* Data+hex.swift */,
				BF5950A62275FB5A00B7C06D /* Date+Extension.swift */,
				BF5950A72275FB5A00B7C06D /* UITextFiled+Extenstion.swift */,
				BF5950A82275FB5A00B7C06D /* UIImage+Extension.swift */,
				BF5950A92275FB5A00B7C06D /* JSONObject+ToString.swift */,
				BF5950AA2275FB5A00B7C06D /* String+Extension.swift */,
				BF5950AB2275FB5A00B7C06D /* Bundle+Language.swift */,
			);
			path = Extension;
			sourceTree = "<group>";
		};
		BF5950BB2275FC3100B7C06D /* Constants */ = {
			isa = PBXGroup;
			children = (
				BF5950BD2275FC6300B7C06D /* Constant.swift */,
				BF5950BC2275FC6300B7C06D /* FZColor.swift */,
				BF5950BE2275FC6300B7C06D /* FZUserDefaults.swift */,
			);
			path = Constants;
			sourceTree = "<group>";
		};
		BF5950C22275FFA200B7C06D /* Resources */ = {
			isa = PBXGroup;
			children = (
				BF5950C72275FFE000B7C06D /* Localizable.strings */,
			);
			path = Resources;
			sourceTree = "<group>";
		};
		BF6B48C5227455390074AB15 = {
			isa = PBXGroup;
			children = (
				BF6B48D0227455390074AB15 /* PasswordKeeper */,
				BF6B48E52274553A0074AB15 /* PasswordKeeperTests */,
				BF6B48F02274553A0074AB15 /* PasswordKeeperUITests */,
				BF6B48CF227455390074AB15 /* Products */,
				553AD504772F285843551890 /* Pods */,
				5DC937466E32E9E82A78E71C /* Frameworks */,
			);
			sourceTree = "<group>";
		};
		BF6B48CF227455390074AB15 /* Products */ = {
			isa = PBXGroup;
			children = (
				BF6B48CE227455390074AB15 /* PasswordKeeper.app */,
				BF6B48E22274553A0074AB15 /* PasswordKeeperTests.xctest */,
				BF6B48ED2274553A0074AB15 /* PasswordKeeperUITests.xctest */,
			);
			name = Products;
			sourceTree = "<group>";
		};
		BF6B48D0227455390074AB15 /* PasswordKeeper */ = {
			isa = PBXGroup;
			children = (
				BF5950C22275FFA200B7C06D /* Resources */,
				BF5950BB2275FC3100B7C06D /* Constants */,
				BF59509B2275F90900B7C06D /* Module */,
				BF5950902275F6C700B7C06D /* Utils */,
				BF59508F2275F5FA00B7C06D /* Main */,
				BF59508E2275F5E000B7C06D /* AppDelegate */,
				BF6B48D5227455390074AB15 /* Main.storyboard */,
				BF6B48D82274553A0074AB15 /* Assets.xcassets */,
				BF6B48DA2274553A0074AB15 /* LaunchScreen.storyboard */,
				BF6B48DD2274553A0074AB15 /* Info.plist */,
			);
			path = PasswordKeeper;
			sourceTree = "<group>";
		};
		BF6B48E52274553A0074AB15 /* PasswordKeeperTests */ = {
			isa = PBXGroup;
			children = (
				BF6B48E62274553A0074AB15 /* PasswordKeeperTests.swift */,
				BF6B48E82274553A0074AB15 /* Info.plist */,
			);
			path = PasswordKeeperTests;
			sourceTree = "<group>";
		};
		BF6B48F02274553A0074AB15 /* PasswordKeeperUITests */ = {
			isa = PBXGroup;
			children = (
				BF6B48F12274553A0074AB15 /* PasswordKeeperUITests.swift */,
				BF6B48F32274553A0074AB15 /* Info.plist */,
			);
			path = PasswordKeeperUITests;
			sourceTree = "<group>";
		};
/* End PBXGroup section */

/* Begin PBXNativeTarget section */
		BF6B48CD227455390074AB15 /* PasswordKeeper */ = {
			isa = PBXNativeTarget;
			buildConfigurationList = BF6B48F62274553A0074AB15 /* Build configuration list for PBXNativeTarget "PasswordKeeper" */;
			buildPhases = (
				63172B0E364F049F5EBF002C /* [CP] Check Pods Manifest.lock */,
				BF6B48CA227455390074AB15 /* Sources */,
				BF6B48CB227455390074AB15 /* Frameworks */,
				BF6B48CC227455390074AB15 /* Resources */,
				B9C6772A8CA43C696B433B28 /* [CP] Embed Pods Frameworks */,
			);
			buildRules = (
			);
			dependencies = (
			);
			name = PasswordKeeper;
			productName = PasswordKeeper;
			productReference = BF6B48CE227455390074AB15 /* PasswordKeeper.app */;
			productType = "com.apple.product-type.application";
		};
		BF6B48E12274553A0074AB15 /* PasswordKeeperTests */ = {
			isa = PBXNativeTarget;
			buildConfigurationList = BF6B48F92274553A0074AB15 /* Build configuration list for PBXNativeTarget "PasswordKeeperTests" */;
			buildPhases = (
				BF6B48DE2274553A0074AB15 /* Sources */,
				BF6B48DF2274553A0074AB15 /* Frameworks */,
				BF6B48E02274553A0074AB15 /* Resources */,
			);
			buildRules = (
			);
			dependencies = (
				BF6B48E42274553A0074AB15 /* PBXTargetDependency */,
			);
			name = PasswordKeeperTests;
			productName = PasswordKeeperTests;
			productReference = BF6B48E22274553A0074AB15 /* PasswordKeeperTests.xctest */;
			productType = "com.apple.product-type.bundle.unit-test";
		};
		BF6B48EC2274553A0074AB15 /* PasswordKeeperUITests */ = {
			isa = PBXNativeTarget;
			buildConfigurationList = BF6B48FC2274553A0074AB15 /* Build configuration list for PBXNativeTarget "PasswordKeeperUITests" */;
			buildPhases = (
				BF6B48E92274553A0074AB15 /* Sources */,
				BF6B48EA2274553A0074AB15 /* Frameworks */,
				BF6B48EB2274553A0074AB15 /* Resources */,
			);
			buildRules = (
			);
			dependencies = (
				BF6B48EF2274553A0074AB15 /* PBXTargetDependency */,
			);
			name = PasswordKeeperUITests;
			productName = PasswordKeeperUITests;
			productReference = BF6B48ED2274553A0074AB15 /* PasswordKeeperUITests.xctest */;
			productType = "com.apple.product-type.bundle.ui-testing";
		};
/* End PBXNativeTarget section */

/* Begin PBXProject section */
		BF6B48C6227455390074AB15 /* Project object */ = {
			isa = PBXProject;
			attributes = {
				LastSwiftUpdateCheck = 1020;
				LastUpgradeCheck = 1020;
				ORGANIZATIONNAME = jax;
				TargetAttributes = {
					BF6B48CD227455390074AB15 = {
						CreatedOnToolsVersion = 10.2.1;
					};
					BF6B48E12274553A0074AB15 = {
						CreatedOnToolsVersion = 10.2.1;
						TestTargetID = BF6B48CD227455390074AB15;
					};
					BF6B48EC2274553A0074AB15 = {
						CreatedOnToolsVersion = 10.2.1;
						TestTargetID = BF6B48CD227455390074AB15;
					};
				};
			};
			buildConfigurationList = BF6B48C9227455390074AB15 /* Build configuration list for PBXProject "PasswordKeeper" */;
			compatibilityVersion = "Xcode 9.3";
			developmentRegion = en;
			hasScannedForEncodings = 0;
			knownRegions = (
				en,
				Base,
				"zh-Hans",
			);
			mainGroup = BF6B48C5227455390074AB15;
			productRefGroup = BF6B48CF227455390074AB15 /* Products */;
			projectDirPath = "";
			projectRoot = "";
			targets = (
				BF6B48CD227455390074AB15 /* PasswordKeeper */,
				BF6B48E12274553A0074AB15 /* PasswordKeeperTests */,
				BF6B48EC2274553A0074AB15 /* PasswordKeeperUITests */,
			);
		};
/* End PBXProject section */

/* Begin PBXResourcesBuildPhase section */
		BF6B48CC227455390074AB15 /* Resources */ = {
			isa = PBXResourcesBuildPhase;
			buildActionMask = 2147483647;
			files = (
				BF6B48DC2274553A0074AB15 /* LaunchScreen.storyboard in Resources */,
				BF5950C52275FFE000B7C06D /* Localizable.strings in Resources */,
				BF6B48D92274553A0074AB15 /* Assets.xcassets in Resources */,
				BF6B48D7227455390074AB15 /* Main.storyboard in Resources */,
			);
			runOnlyForDeploymentPostprocessing = 0;
		};
		BF6B48E02274553A0074AB15 /* Resources */ = {
			isa = PBXResourcesBuildPhase;
			buildActionMask = 2147483647;
			files = (
			);
			runOnlyForDeploymentPostprocessing = 0;
		};
		BF6B48EB2274553A0074AB15 /* Resources */ = {
			isa = PBXResourcesBuildPhase;
			buildActionMask = 2147483647;
			files = (
			);
			runOnlyForDeploymentPostprocessing = 0;
		};
/* End PBXResourcesBuildPhase section */

/* Begin PBXShellScriptBuildPhase section */
		63172B0E364F049F5EBF002C /* [CP] Check Pods Manifest.lock */ = {
			isa = PBXShellScriptBuildPhase;
			buildActionMask = 2147483647;
			files = (
			);
			inputFileListPaths = (
			);
			inputPaths = (
				"${PODS_PODFILE_DIR_PATH}/Podfile.lock",
				"${PODS_ROOT}/Manifest.lock",
			);
			name = "[CP] Check Pods Manifest.lock";
			outputFileListPaths = (
			);
			outputPaths = (
				"$(DERIVED_FILE_DIR)/Pods-PasswordKeeper-checkManifestLockResult.txt",
			);
			runOnlyForDeploymentPostprocessing = 0;
			shellPath = /bin/sh;
			shellScript = "diff \"${PODS_PODFILE_DIR_PATH}/Podfile.lock\" \"${PODS_ROOT}/Manifest.lock\" > /dev/null\nif [ $? != 0 ] ; then\n    # print error to STDERR\n    echo \"error: The sandbox is not in sync with the Podfile.lock. Run 'pod install' or update your CocoaPods installation.\" >&2\n    exit 1\nfi\n# This output is used by Xcode 'outputs' to avoid re-running this script phase.\necho \"SUCCESS\" > \"${SCRIPT_OUTPUT_FILE_0}\"\n";
			showEnvVarsInLog = 0;
		};
		B9C6772A8CA43C696B433B28 /* [CP] Embed Pods Frameworks */ = {
			isa = PBXShellScriptBuildPhase;
			buildActionMask = 2147483647;
			files = (
			);
			inputFileListPaths = (
			);
			inputPaths = (
				"${PODS_ROOT}/Target Support Files/Pods-PasswordKeeper/Pods-PasswordKeeper-frameworks.sh",
				"${BUILT_PRODUCTS_DIR}/Alamofire/Alamofire.framework",
				"${BUILT_PRODUCTS_DIR}/CryptoSwift/CryptoSwift.framework",
				"${BUILT_PRODUCTS_DIR}/Kingfisher/Kingfisher.framework",
				"${BUILT_PRODUCTS_DIR}/ObjcExceptionBridging/ObjcExceptionBridging.framework",
				"${BUILT_PRODUCTS_DIR}/SQLite.swift/SQLite.framework",
				"${BUILT_PRODUCTS_DIR}/SnapKit/SnapKit.framework",
				"${BUILT_PRODUCTS_DIR}/XCGLogger/XCGLogger.framework",
			);
			name = "[CP] Embed Pods Frameworks";
			outputFileListPaths = (
			);
			outputPaths = (
				"${TARGET_BUILD_DIR}/${FRAMEWORKS_FOLDER_PATH}/Alamofire.framework",
				"${TARGET_BUILD_DIR}/${FRAMEWORKS_FOLDER_PATH}/CryptoSwift.framework",
				"${TARGET_BUILD_DIR}/${FRAMEWORKS_FOLDER_PATH}/Kingfisher.framework",
				"${TARGET_BUILD_DIR}/${FRAMEWORKS_FOLDER_PATH}/ObjcExceptionBridging.framework",
				"${TARGET_BUILD_DIR}/${FRAMEWORKS_FOLDER_PATH}/SQLite.framework",
				"${TARGET_BUILD_DIR}/${FRAMEWORKS_FOLDER_PATH}/SnapKit.framework",
				"${TARGET_BUILD_DIR}/${FRAMEWORKS_FOLDER_PATH}/XCGLogger.framework",
			);
			runOnlyForDeploymentPostprocessing = 0;
			shellPath = /bin/sh;
			shellScript = "\"${PODS_ROOT}/Target Support Files/Pods-PasswordKeeper/Pods-PasswordKeeper-frameworks.sh\"\n";
			showEnvVarsInLog = 0;
		};
/* End PBXShellScriptBuildPhase section */

/* Begin PBXSourcesBuildPhase section */
		BF6B48CA227455390074AB15 /* Sources */ = {
			isa = PBXSourcesBuildPhase;
			buildActionMask = 2147483647;
			files = (
				BF5950982275F7FD00B7C06D /* SettingViewController.swift in Sources */,
				BF5950C02275FC6300B7C06D /* Constant.swift in Sources */,
				BF5950942275F7AA00B7C06D /* HomeTabBarViewController.swift in Sources */,
				BF5950A02275F98000B7C06D /* FZlog.swift in Sources */,
				BF5950B32275FB5A00B7C06D /* UIImage+Extension.swift in Sources */,
				BF5950B02275FB5A00B7C06D /* Data+hex.swift in Sources */,
				BF5950962275F7CB00B7C06D /* AppDelegateController.swift in Sources */,
				BF5950B62275FB5A00B7C06D /* Bundle+Language.swift in Sources */,
				BF5950C12275FC6300B7C06D /* FZUserDefaults.swift in Sources */,
				BF5950BF2275FC6300B7C06D /* FZColor.swift in Sources */,
				BF5950B22275FB5A00B7C06D /* UITextFiled+Extenstion.swift in Sources */,
				BF5950B12275FB5A00B7C06D /* Date+Extension.swift in Sources */,
				BF5950B52275FB5A00B7C06D /* String+Extension.swift in Sources */,
				BF5950B42275FB5A00B7C06D /* JSONObject+ToString.swift in Sources */,
				BF5950A22275FB1200B7C06D /* FZNavigationController.swift in Sources */,
				BF6B48D2227455390074AB15 /* AppDelegate.swift in Sources */,
				BF59509A2275F81200B7C06D /* PasswordViewController.swift in Sources */,
				BF5950AF2275FB5A00B7C06D /* UIColor+Extension.swift in Sources */,
			);
			runOnlyForDeploymentPostprocessing = 0;
		};
		BF6B48DE2274553A0074AB15 /* Sources */ = {
			isa = PBXSourcesBuildPhase;
			buildActionMask = 2147483647;
			files = (
				BF6B48E72274553A0074AB15 /* PasswordKeeperTests.swift in Sources */,
			);
			runOnlyForDeploymentPostprocessing = 0;
		};
		BF6B48E92274553A0074AB15 /* Sources */ = {
			isa = PBXSourcesBuildPhase;
			buildActionMask = 2147483647;
			files = (
				BF6B48F22274553A0074AB15 /* PasswordKeeperUITests.swift in Sources */,
			);
			runOnlyForDeploymentPostprocessing = 0;
		};
/* End PBXSourcesBuildPhase section */

/* Begin PBXTargetDependency section */
		BF6B48E42274553A0074AB15 /* PBXTargetDependency */ = {
			isa = PBXTargetDependency;
			target = BF6B48CD227455390074AB15 /* PasswordKeeper */;
			targetProxy = BF6B48E32274553A0074AB15 /* PBXContainerItemProxy */;
		};
		BF6B48EF2274553A0074AB15 /* PBXTargetDependency */ = {
			isa = PBXTargetDependency;
			target = BF6B48CD227455390074AB15 /* PasswordKeeper */;
			targetProxy = BF6B48EE2274553A0074AB15 /* PBXContainerItemProxy */;
		};
/* End PBXTargetDependency section */

/* Begin PBXVariantGroup section */
		BF5950C72275FFE000B7C06D /* Localizable.strings */ = {
			isa = PBXVariantGroup;
			children = (
				BF5950C62275FFE000B7C06D /* en */,
				BF5950CA227600F600B7C06D /* zh-Hans */,
			);
			name = Localizable.strings;
			sourceTree = "<group>";
		};
		BF6B48D5227455390074AB15 /* Main.storyboard */ = {
			isa = PBXVariantGroup;
			children = (
				BF6B48D6227455390074AB15 /* Base */,
				BF5950C8227600F500B7C06D /* zh-Hans */,
			);
			name = Main.storyboard;
			sourceTree = "<group>";
		};
		BF6B48DA2274553A0074AB15 /* LaunchScreen.storyboard */ = {
			isa = PBXVariantGroup;
			children = (
				BF6B48DB2274553A0074AB15 /* Base */,
				BF5950C9227600F600B7C06D /* zh-Hans */,
			);
			name = LaunchScreen.storyboard;
			sourceTree = "<group>";
		};
/* End PBXVariantGroup section */

/* Begin XCBuildConfiguration section */
		BF6B48F42274553A0074AB15 /* Debug */ = {
			isa = XCBuildConfiguration;
			buildSettings = {
				ALWAYS_SEARCH_USER_PATHS = NO;
				CLANG_ANALYZER_LOCALIZABILITY_NONLOCALIZED = YES;
				CLANG_ANALYZER_NONNULL = YES;
				CLANG_ANALYZER_NUMBER_OBJECT_CONVERSION = YES_AGGRESSIVE;
				CLANG_CXX_LANGUAGE_STANDARD = "gnu++14";
				CLANG_CXX_LIBRARY = "libc++";
				CLANG_ENABLE_MODULES = YES;
				CLANG_ENABLE_OBJC_ARC = YES;
				CLANG_ENABLE_OBJC_WEAK = YES;
				CLANG_WARN_BLOCK_CAPTURE_AUTORELEASING = YES;
				CLANG_WARN_BOOL_CONVERSION = YES;
				CLANG_WARN_COMMA = YES;
				CLANG_WARN_CONSTANT_CONVERSION = YES;
				CLANG_WARN_DEPRECATED_OBJC_IMPLEMENTATIONS = YES;
				CLANG_WARN_DIRECT_OBJC_ISA_USAGE = YES_ERROR;
				CLANG_WARN_DOCUMENTATION_COMMENTS = YES;
				CLANG_WARN_EMPTY_BODY = YES;
				CLANG_WARN_ENUM_CONVERSION = YES;
				CLANG_WARN_INFINITE_RECURSION = YES;
				CLANG_WARN_INT_CONVERSION = YES;
				CLANG_WARN_NON_LITERAL_NULL_CONVERSION = YES;
				CLANG_WARN_OBJC_IMPLICIT_RETAIN_SELF = YES;
				CLANG_WARN_OBJC_LITERAL_CONVERSION = YES;
				CLANG_WARN_OBJC_ROOT_CLASS = YES_ERROR;
				CLANG_WARN_RANGE_LOOP_ANALYSIS = YES;
				CLANG_WARN_STRICT_PROTOTYPES = YES;
				CLANG_WARN_SUSPICIOUS_MOVE = YES;
				CLANG_WARN_UNGUARDED_AVAILABILITY = YES_AGGRESSIVE;
				CLANG_WARN_UNREACHABLE_CODE = YES;
				CLANG_WARN__DUPLICATE_METHOD_MATCH = YES;
				CODE_SIGN_IDENTITY = "iPhone Developer";
				COPY_PHASE_STRIP = NO;
				DEBUG_INFORMATION_FORMAT = dwarf;
				ENABLE_STRICT_OBJC_MSGSEND = YES;
				ENABLE_TESTABILITY = YES;
				GCC_C_LANGUAGE_STANDARD = gnu11;
				GCC_DYNAMIC_NO_PIC = NO;
				GCC_NO_COMMON_BLOCKS = YES;
				GCC_OPTIMIZATION_LEVEL = 0;
				GCC_PREPROCESSOR_DEFINITIONS = (
					"DEBUG=1",
					"$(inherited)",
				);
				GCC_WARN_64_TO_32_BIT_CONVERSION = YES;
				GCC_WARN_ABOUT_RETURN_TYPE = YES_ERROR;
				GCC_WARN_UNDECLARED_SELECTOR = YES;
				GCC_WARN_UNINITIALIZED_AUTOS = YES_AGGRESSIVE;
				GCC_WARN_UNUSED_FUNCTION = YES;
				GCC_WARN_UNUSED_VARIABLE = YES;
				IPHONEOS_DEPLOYMENT_TARGET = 12.2;
				MTL_ENABLE_DEBUG_INFO = INCLUDE_SOURCE;
				MTL_FAST_MATH = YES;
				ONLY_ACTIVE_ARCH = YES;
				SDKROOT = iphoneos;
				SWIFT_ACTIVE_COMPILATION_CONDITIONS = DEBUG;
				SWIFT_OPTIMIZATION_LEVEL = "-Onone";
			};
			name = Debug;
		};
		BF6B48F52274553A0074AB15 /* Release */ = {
			isa = XCBuildConfiguration;
			buildSettings = {
				ALWAYS_SEARCH_USER_PATHS = NO;
				CLANG_ANALYZER_LOCALIZABILITY_NONLOCALIZED = YES;
				CLANG_ANALYZER_NONNULL = YES;
				CLANG_ANALYZER_NUMBER_OBJECT_CONVERSION = YES_AGGRESSIVE;
				CLANG_CXX_LANGUAGE_STANDARD = "gnu++14";
				CLANG_CXX_LIBRARY = "libc++";
				CLANG_ENABLE_MODULES = YES;
				CLANG_ENABLE_OBJC_ARC = YES;
				CLANG_ENABLE_OBJC_WEAK = YES;
				CLANG_WARN_BLOCK_CAPTURE_AUTORELEASING = YES;
				CLANG_WARN_BOOL_CONVERSION = YES;
				CLANG_WARN_COMMA = YES;
				CLANG_WARN_CONSTANT_CONVERSION = YES;
				CLANG_WARN_DEPRECATED_OBJC_IMPLEMENTATIONS = YES;
				CLANG_WARN_DIRECT_OBJC_ISA_USAGE = YES_ERROR;
				CLANG_WARN_DOCUMENTATION_COMMENTS = YES;
				CLANG_WARN_EMPTY_BODY = YES;
				CLANG_WARN_ENUM_CONVERSION = YES;
				CLANG_WARN_INFINITE_RECURSION = YES;
				CLANG_WARN_INT_CONVERSION = YES;
				CLANG_WARN_NON_LITERAL_NULL_CONVERSION = YES;
				CLANG_WARN_OBJC_IMPLICIT_RETAIN_SELF = YES;
				CLANG_WARN_OBJC_LITERAL_CONVERSION = YES;
				CLANG_WARN_OBJC_ROOT_CLASS = YES_ERROR;
				CLANG_WARN_RANGE_LOOP_ANALYSIS = YES;
				CLANG_WARN_STRICT_PROTOTYPES = YES;
				CLANG_WARN_SUSPICIOUS_MOVE = YES;
				CLANG_WARN_UNGUARDED_AVAILABILITY = YES_AGGRESSIVE;
				CLANG_WARN_UNREACHABLE_CODE = YES;
				CLANG_WARN__DUPLICATE_METHOD_MATCH = YES;
				CODE_SIGN_IDENTITY = "iPhone Developer";
				COPY_PHASE_STRIP = NO;
				DEBUG_INFORMATION_FORMAT = "dwarf-with-dsym";
				ENABLE_NS_ASSERTIONS = NO;
				ENABLE_STRICT_OBJC_MSGSEND = YES;
				GCC_C_LANGUAGE_STANDARD = gnu11;
				GCC_NO_COMMON_BLOCKS = YES;
				GCC_WARN_64_TO_32_BIT_CONVERSION = YES;
				GCC_WARN_ABOUT_RETURN_TYPE = YES_ERROR;
				GCC_WARN_UNDECLARED_SELECTOR = YES;
				GCC_WARN_UNINITIALIZED_AUTOS = YES_AGGRESSIVE;
				GCC_WARN_UNUSED_FUNCTION = YES;
				GCC_WARN_UNUSED_VARIABLE = YES;
				IPHONEOS_DEPLOYMENT_TARGET = 12.2;
				MTL_ENABLE_DEBUG_INFO = NO;
				MTL_FAST_MATH = YES;
				SDKROOT = iphoneos;
				SWIFT_COMPILATION_MODE = wholemodule;
				SWIFT_OPTIMIZATION_LEVEL = "-O";
				VALIDATE_PRODUCT = YES;
			};
			name = Release;
		};
		BF6B48F72274553A0074AB15 /* Debug */ = {
			isa = XCBuildConfiguration;
			baseConfigurationReference = FFB73C8EB17EAE8D660B10BA /* Pods-PasswordKeeper.debug.xcconfig */;
			buildSettings = {
				ASSETCATALOG_COMPILER_APPICON_NAME = AppIcon;
				CODE_SIGN_STYLE = Automatic;
				DEVELOPMENT_TEAM = X2URYBYKY6;
				INFOPLIST_FILE = PasswordKeeper/Info.plist;
				IPHONEOS_DEPLOYMENT_TARGET = 10.0;
				LD_RUNPATH_SEARCH_PATHS = (
					"$(inherited)",
					"@executable_path/Frameworks",
				);
				PRODUCT_BUNDLE_IDENTIFIER = jax.me.PasswordKeeper;
				PRODUCT_NAME = "$(TARGET_NAME)";
				SWIFT_VERSION = 5.0;
				TARGETED_DEVICE_FAMILY = 1;
			};
			name = Debug;
		};
		BF6B48F82274553A0074AB15 /* Release */ = {
			isa = XCBuildConfiguration;
			baseConfigurationReference = B776EE1523A8DD75C259F78F /* Pods-PasswordKeeper.release.xcconfig */;
			buildSettings = {
				ASSETCATALOG_COMPILER_APPICON_NAME = AppIcon;
				CODE_SIGN_STYLE = Automatic;
				DEVELOPMENT_TEAM = X2URYBYKY6;
				INFOPLIST_FILE = PasswordKeeper/Info.plist;
				IPHONEOS_DEPLOYMENT_TARGET = 10.0;
				LD_RUNPATH_SEARCH_PATHS = (
					"$(inherited)",
					"@executable_path/Frameworks",
				);
				PRODUCT_BUNDLE_IDENTIFIER = jax.me.PasswordKeeper;
				PRODUCT_NAME = "$(TARGET_NAME)";
				SWIFT_VERSION = 5.0;
				TARGETED_DEVICE_FAMILY = 1;
			};
			name = Release;
		};
		BF6B48FA2274553A0074AB15 /* Debug */ = {
			isa = XCBuildConfiguration;
			buildSettings = {
				ALWAYS_EMBED_SWIFT_STANDARD_LIBRARIES = YES;
				BUNDLE_LOADER = "$(TEST_HOST)";
				CODE_SIGN_STYLE = Automatic;
				DEVELOPMENT_TEAM = X2URYBYKY6;
				INFOPLIST_FILE = PasswordKeeperTests/Info.plist;
				LD_RUNPATH_SEARCH_PATHS = (
					"$(inherited)",
					"@executable_path/Frameworks",
					"@loader_path/Frameworks",
				);
				PRODUCT_BUNDLE_IDENTIFIER = jax.me.PasswordKeeperTests;
				PRODUCT_NAME = "$(TARGET_NAME)";
				SWIFT_VERSION = 5.0;
				TARGETED_DEVICE_FAMILY = "1,2";
				TEST_HOST = "$(BUILT_PRODUCTS_DIR)/PasswordKeeper.app/PasswordKeeper";
			};
			name = Debug;
		};
		BF6B48FB2274553A0074AB15 /* Release */ = {
			isa = XCBuildConfiguration;
			buildSettings = {
				ALWAYS_EMBED_SWIFT_STANDARD_LIBRARIES = YES;
				BUNDLE_LOADER = "$(TEST_HOST)";
				CODE_SIGN_STYLE = Automatic;
				DEVELOPMENT_TEAM = X2URYBYKY6;
				INFOPLIST_FILE = PasswordKeeperTests/Info.plist;
				LD_RUNPATH_SEARCH_PATHS = (
					"$(inherited)",
					"@executable_path/Frameworks",
					"@loader_path/Frameworks",
				);
				PRODUCT_BUNDLE_IDENTIFIER = jax.me.PasswordKeeperTests;
				PRODUCT_NAME = "$(TARGET_NAME)";
				SWIFT_VERSION = 5.0;
				TARGETED_DEVICE_FAMILY = "1,2";
				TEST_HOST = "$(BUILT_PRODUCTS_DIR)/PasswordKeeper.app/PasswordKeeper";
			};
			name = Release;
		};
		BF6B48FD2274553A0074AB15 /* Debug */ = {
			isa = XCBuildConfiguration;
			buildSettings = {
				ALWAYS_EMBED_SWIFT_STANDARD_LIBRARIES = YES;
				CODE_SIGN_STYLE = Automatic;
				DEVELOPMENT_TEAM = X2URYBYKY6;
				INFOPLIST_FILE = PasswordKeeperUITests/Info.plist;
				LD_RUNPATH_SEARCH_PATHS = (
					"$(inherited)",
					"@executable_path/Frameworks",
					"@loader_path/Frameworks",
				);
				PRODUCT_BUNDLE_IDENTIFIER = jax.me.PasswordKeeperUITests;
				PRODUCT_NAME = "$(TARGET_NAME)";
				SWIFT_VERSION = 5.0;
				TARGETED_DEVICE_FAMILY = "1,2";
				TEST_TARGET_NAME = PasswordKeeper;
			};
			name = Debug;
		};
		BF6B48FE2274553A0074AB15 /* Release */ = {
			isa = XCBuildConfiguration;
			buildSettings = {
				ALWAYS_EMBED_SWIFT_STANDARD_LIBRARIES = YES;
				CODE_SIGN_STYLE = Automatic;
				DEVELOPMENT_TEAM = X2URYBYKY6;
				INFOPLIST_FILE = PasswordKeeperUITests/Info.plist;
				LD_RUNPATH_SEARCH_PATHS = (
					"$(inherited)",
					"@executable_path/Frameworks",
					"@loader_path/Frameworks",
				);
				PRODUCT_BUNDLE_IDENTIFIER = jax.me.PasswordKeeperUITests;
				PRODUCT_NAME = "$(TARGET_NAME)";
				SWIFT_VERSION = 5.0;
				TARGETED_DEVICE_FAMILY = "1,2";
				TEST_TARGET_NAME = PasswordKeeper;
			};
			name = Release;
		};
/* End XCBuildConfiguration section */

/* Begin XCConfigurationList section */
		BF6B48C9227455390074AB15 /* Build configuration list for PBXProject "PasswordKeeper" */ = {
			isa = XCConfigurationList;
			buildConfigurations = (
				BF6B48F42274553A0074AB15 /* Debug */,
				BF6B48F52274553A0074AB15 /* Release */,
			);
			defaultConfigurationIsVisible = 0;
			defaultConfigurationName = Release;
		};
		BF6B48F62274553A0074AB15 /* Build configuration list for PBXNativeTarget "PasswordKeeper" */ = {
			isa = XCConfigurationList;
			buildConfigurations = (
				BF6B48F72274553A0074AB15 /* Debug */,
				BF6B48F82274553A0074AB15 /* Release */,
			);
			defaultConfigurationIsVisible = 0;
			defaultConfigurationName = Release;
		};
		BF6B48F92274553A0074AB15 /* Build configuration list for PBXNativeTarget "PasswordKeeperTests" */ = {
			isa = XCConfigurationList;
			buildConfigurations = (
				BF6B48FA2274553A0074AB15 /* Debug */,
				BF6B48FB2274553A0074AB15 /* Release */,
			);
			defaultConfigurationIsVisible = 0;
			defaultConfigurationName = Release;
		};
		BF6B48FC2274553A0074AB15 /* Build configuration list for PBXNativeTarget "PasswordKeeperUITests" */ = {
			isa = XCConfigurationList;
			buildConfigurations = (
				BF6B48FD2274553A0074AB15 /* Debug */,
				BF6B48FE2274553A0074AB15 /* Release */,
			);
			defaultConfigurationIsVisible = 0;
			defaultConfigurationName = Release;
		};
/* End XCConfigurationList section */
	};
	rootObject = BF6B48C6227455390074AB15 /* Project object */;
}
