PODS:
  - Alamofire (5.0.0-beta.6)
  - CryptoSwift (1.0.0)
  - Kingfisher (5.4.0)
  - ObjcExceptionBridging (1.0.1):
    - ObjcExceptionBridging/ObjcExceptionBridging (= 1.0.1)
  - ObjcExceptionBridging/ObjcExceptionBridging (1.0.1)
  - PKHUD (5.2.1)
  - SnapKit (5.0.0)
  - SQLite.swift (0.12.0):
    - SQLite.swift/standard (= 0.12.0)
  - SQLite.swift/standard (0.12.0)
  - XCGLogger (7.0.0):
    - XCGLogger/Core (= 7.0.0)
  - XCGLogger/Core (7.0.0):
    - ObjcExceptionBridging

DEPENDENCIES:
  - Alamofire (= 5.0.0-beta.6)
  - CryptoSwift (= 1.0.0)
  - Kingfisher (= 5.4.0)
  - PKHUD (= 5.2.1)
  - SnapKit (= 5.0.0)
  - SQLite.swift (= 0.12.0)
  - XCGLogger (= 7.0.0)

SPEC REPOS:
  https://github.com/cocoapods/specs.git:
    - Alamofire
    - CryptoSwift
    - Kingfisher
    - ObjcExceptionBridging
    - PKHUD
    - SnapKit
    - SQLite.swift
    - XCGLogger

SPEC CHECKSUMS:
  Alamofire: cd08a4402bd12cacd0c66f23fb12fec8d6b965e4
  CryptoSwift: d81eeaa59dc5a8d03720fe919a6fd07b51f7439f
  Kingfisher: 9c8f2cc6710334e06f32ba2b45e77707d5e2f0c9
  ObjcExceptionBridging: c30e00eb3700467e695faeea30e26e18bd445001
  PKHUD: 4e6162c4c39ac367c6934e9855c6b4762ee16256
  SnapKit: fd22d10eb9aff484d79a8724eab922c1ddf89bcf
  SQLite.swift: 7cad9db150a03716336e69469ec9559c85aece5b
  XCGLogger: 0434f15e3909cdc450bb63faf638b8792ab782ab

PODFILE CHECKSUM: 979fdeab09a2c263e6618ffb6812a2cfa84d65d9

COCOAPODS: 1.6.1
